
Microsoft Visual Studio Solution File, Format Version 12.00
# Visual Studio Version 16
VisualStudioVersion = 16.0.30204.135
MinimumVisualStudioVersion = 10.0.40219.1
Project("{FAE04EC0-301F-11D3-BF4B-00C04F79EFBC}") = "SQLExec", "SQLExec\SQLExec.csproj", "{854ADFAB-3D23-46F3-8C06-83C5C14DC629}"
EndProject
Project("{FAE04EC0-301F-11D3-BF4B-00C04F79EFBC}") = "SQLExecInstall", "SQLExecInstall\SQLExecInstall.csproj", "{8E9C460D-14E4-42BF-9328-A89915522B44}"
EndProject
Project("{FAE04EC0-301F-11D3-BF4B-00C04F79EFBC}") = "SQLRecon", "SQLRecon\SQLRecon.csproj", "{54FBB3B1-E4DF-4F2D-A0B6-BB586ACC0E24}"
EndProject
Global
	GlobalSection(SolutionConfigurationPlatforms) = preSolution
		Debug|Any CPU = Debug|Any CPU
		Debug|x64 = Debug|x64
		Release|Any CPU = Release|Any CPU
		Release|x64 = Release|x64
	EndGlobalSection
	GlobalSection(ProjectConfigurationPlatforms) = postSolution
		{854ADFAB-3D23-46F3-8C06-83C5C14DC629}.Debug|Any CPU.ActiveCfg = Debug|Any CPU
		{854ADFAB-3D23-46F3-8C06-83C5C14DC629}.Debug|Any CPU.Build.0 = Debug|Any CPU
		{854ADFAB-3D23-46F3-8C06-83C5C14DC629}.Debug|x64.ActiveCfg = Debug|Any CPU
		{854ADFAB-3D23-46F3-8C06-83C5C14DC629}.Debug|x64.Build.0 = Debug|Any CPU
		{854ADFAB-3D23-46F3-8C06-83C5C14DC629}.Release|Any CPU.ActiveCfg = Release|Any CPU
		{854ADFAB-3D23-46F3-8C06-83C5C14DC629}.Release|Any CPU.Build.0 = Release|Any CPU
		{854ADFAB-3D23-46F3-8C06-83C5C14DC629}.Release|x64.ActiveCfg = Release|Any CPU
		{854ADFAB-3D23-46F3-8C06-83C5C14DC629}.Release|x64.Build.0 = Release|Any CPU
		{8E9C460D-14E4-42BF-9328-A89915522B44}.Debug|Any CPU.ActiveCfg = Debug|Any CPU
		{8E9C460D-14E4-42BF-9328-A89915522B44}.Debug|Any CPU.Build.0 = Debug|Any CPU
		{8E9C460D-14E4-42BF-9328-A89915522B44}.Debug|x64.ActiveCfg = Debug|Any CPU
		{8E9C460D-14E4-42BF-9328-A89915522B44}.Debug|x64.Build.0 = Debug|Any CPU
		{8E9C460D-14E4-42BF-9328-A89915522B44}.Release|Any CPU.ActiveCfg = Release|Any CPU
		{8E9C460D-14E4-42BF-9328-A89915522B44}.Release|Any CPU.Build.0 = Release|Any CPU
		{8E9C460D-14E4-42BF-9328-A89915522B44}.Release|x64.ActiveCfg = Release|Any CPU
		{8E9C460D-14E4-42BF-9328-A89915522B44}.Release|x64.Build.0 = Release|Any CPU
		{54FBB3B1-E4DF-4F2D-A0B6-BB586ACC0E24}.Debug|Any CPU.ActiveCfg = Debug|Any CPU
		{54FBB3B1-E4DF-4F2D-A0B6-BB586ACC0E24}.Debug|Any CPU.Build.0 = Debug|Any CPU
		{54FBB3B1-E4DF-4F2D-A0B6-BB586ACC0E24}.Debug|x64.ActiveCfg = Debug|Any CPU
		{54FBB3B1-E4DF-4F2D-A0B6-BB586ACC0E24}.Debug|x64.Build.0 = Debug|Any CPU
		{54FBB3B1-E4DF-4F2D-A0B6-BB586ACC0E24}.Release|Any CPU.ActiveCfg = Release|Any CPU
		{54FBB3B1-E4DF-4F2D-A0B6-BB586ACC0E24}.Release|Any CPU.Build.0 = Release|Any CPU
		{54FBB3B1-E4DF-4F2D-A0B6-BB586ACC0E24}.Release|x64.ActiveCfg = Release|Any CPU
		{54FBB3B1-E4DF-4F2D-A0B6-BB586ACC0E24}.Release|x64.Build.0 = Release|Any CPU
	EndGlobalSection
	GlobalSection(SolutionProperties) = preSolution
		HideSolutionNode = FALSE
	EndGlobalSection
	GlobalSection(ExtensibilityGlobals) = postSolution
		SolutionGuid = {704C3F25-04A9-4A68-B65A-519270BAAF03}
	EndGlobalSection
EndGlobal
